
Microsoft Visual Studio Solution File, Format Version 12.00
# Visual Studio Version 17
VisualStudioVersion = 17.1.32228.430
MinimumVisualStudioVersion = 10.0.40219.1
Project("{FAE04EC0-301F-11D3-BF4B-00C04F79EFBC}") = "ControlAreaVolumen", "ControlAreaVolumen\ControlAreaVolumen.csproj", "{8071BF05-94E5-4C91-B8F1-AC46D896AFCF}"
EndProject
Global
	GlobalSection(SolutionConfigurationPlatforms) = preSolution
		Debug|Any CPU = Debug|Any CPU
		Release|Any CPU = Release|Any CPU
	EndGlobalSection
	GlobalSection(ProjectConfigurationPlatforms) = postSolution
		{8071BF05-94E5-4C91-B8F1-AC46D896AFCF}.Debug|Any CPU.ActiveCfg = Debug|Any CPU
		{8071BF05-94E5-4C91-B8F1-AC46D896AFCF}.Debug|Any CPU.Build.0 = Debug|Any CPU
		{8071BF05-94E5-4C91-B8F1-AC46D896AFCF}.Release|Any CPU.ActiveCfg = Release|Any CPU
		{8071BF05-94E5-4C91-B8F1-AC46D896AFCF}.Release|Any CPU.Build.0 = Release|Any CPU
	EndGlobalSection
	GlobalSection(SolutionProperties) = preSolution
		HideSolutionNode = FALSE
	EndGlobalSection
	GlobalSection(ExtensibilityGlobals) = postSolution
		SolutionGuid = {9D0486DA-DFBC-46C0-BD39-B81897D47538}
	EndGlobalSection
EndGlobal
